
Microsoft Visual Studio Solution File, Format Version 12.00
Project("{FAE04EC0-301F-11D3-BF4B-00C04F79EFBC}") = "SeaBattle.Domain", "SeaBattle.Domain\SeaBattle.Domain.csproj", "{75A4F14A-6DE0-49F3-B426-9114B4654A08}"
EndProject
Project("{FAE04EC0-301F-11D3-BF4B-00C04F79EFBC}") = "SeaBattle.Main", "SeaBattle.Main\SeaBattle.Main.csproj", "{5AAD1E51-A3F6-42C7-B72D-B9694F04AEE2}"
EndProject
Project("{FAE04EC0-301F-11D3-BF4B-00C04F79EFBC}") = "SeaBattle.Domain.Tests", "SeaBattle.Domain.Tests\SeaBattle.Domain.Tests.csproj", "{08882D18-2020-4349-954C-B5B3D43DE1DE}"
EndProject
Global
	GlobalSection(SolutionConfigurationPlatforms) = preSolution
		Debug|Any CPU = Debug|Any CPU
		Release|Any CPU = Release|Any CPU
	EndGlobalSection
	GlobalSection(ProjectConfigurationPlatforms) = postSolution
		{75A4F14A-6DE0-49F3-B426-9114B4654A08}.Debug|Any CPU.ActiveCfg = Debug|Any CPU
		{75A4F14A-6DE0-49F3-B426-9114B4654A08}.Debug|Any CPU.Build.0 = Debug|Any CPU
		{75A4F14A-6DE0-49F3-B426-9114B4654A08}.Release|Any CPU.ActiveCfg = Release|Any CPU
		{75A4F14A-6DE0-49F3-B426-9114B4654A08}.Release|Any CPU.Build.0 = Release|Any CPU
		{5AAD1E51-A3F6-42C7-B72D-B9694F04AEE2}.Debug|Any CPU.ActiveCfg = Debug|Any CPU
		{5AAD1E51-A3F6-42C7-B72D-B9694F04AEE2}.Debug|Any CPU.Build.0 = Debug|Any CPU
		{5AAD1E51-A3F6-42C7-B72D-B9694F04AEE2}.Release|Any CPU.ActiveCfg = Release|Any CPU
		{5AAD1E51-A3F6-42C7-B72D-B9694F04AEE2}.Release|Any CPU.Build.0 = Release|Any CPU
		{08882D18-2020-4349-954C-B5B3D43DE1DE}.Debug|Any CPU.ActiveCfg = Debug|Any CPU
		{08882D18-2020-4349-954C-B5B3D43DE1DE}.Debug|Any CPU.Build.0 = Debug|Any CPU
		{08882D18-2020-4349-954C-B5B3D43DE1DE}.Release|Any CPU.ActiveCfg = Release|Any CPU
		{08882D18-2020-4349-954C-B5B3D43DE1DE}.Release|Any CPU.Build.0 = Release|Any CPU
	EndGlobalSection
EndGlobal
